// !$*UTF8*$!
{
	archiveVersion = 1;
	classes = {
	};
	objectVersion = 55;
	objects = {

/* Begin PBXBuildFile section */
		16491F4326DFF821006D038F /* IOKit.framework in Frameworks */ = {isa = PBXBuildFile; fileRef = 16491F4226DFF821006D038F /* IOKit.framework */; platformFilter = maccatalyst; };
		1660E38926E01E97005FC8D3 /* Menu.swift in Sources */ = {isa = PBXBuildFile; fileRef = 1660E38826E01E97005FC8D3 /* Menu.swift */; };
		16DC2FD32770E6AB00DC7D52 /* HoverAction.swift in Sources */ = {isa = PBXBuildFile; fileRef = 16DC2FD22770E6AB00DC7D52 /* HoverAction.swift */; };
		16F0C9A026DE0466007A1B90 /* PlayerModel.swift in Sources */ = {isa = PBXBuildFile; fileRef = 16F0C99F26DE0466007A1B90 /* PlayerModel.swift */; };
		16F357ED26DA74D8001BCEC1 /* capyApp.swift in Sources */ = {isa = PBXBuildFile; fileRef = 16F357EC26DA74D8001BCEC1 /* capyApp.swift */; };
		16F357EF26DA74D8001BCEC1 /* ContentView.swift in Sources */ = {isa = PBXBuildFile; fileRef = 16F357EE26DA74D8001BCEC1 /* ContentView.swift */; };
		16F357F126DA74D9001BCEC1 /* Assets.xcassets in Resources */ = {isa = PBXBuildFile; fileRef = 16F357F026DA74D9001BCEC1 /* Assets.xcassets */; };
		16F357FF26DA74FD001BCEC1 /* AVFoundation.framework in Frameworks */ = {isa = PBXBuildFile; fileRef = 16F357FC26DA74FD001BCEC1 /* AVFoundation.framework */; platformFilter = maccatalyst; };
		16F3580226DA790D001BCEC1 /* PlayerView.swift in Sources */ = {isa = PBXBuildFile; fileRef = 16F3580126DA790D001BCEC1 /* PlayerView.swift */; };
/* End PBXBuildFile section */

/* Begin PBXFileReference section */
		16491F4226DFF821006D038F /* IOKit.framework */ = {isa = PBXFileReference; lastKnownFileType = wrapper.framework; name = IOKit.framework; path = System/Library/Frameworks/IOKit.framework; sourceTree = SDKROOT; };
		1660E38826E01E97005FC8D3 /* Menu.swift */ = {isa = PBXFileReference; lastKnownFileType = sourcecode.swift; path = Menu.swift; sourceTree = "<group>"; };
		16DC2FD22770E6AB00DC7D52 /* HoverAction.swift */ = {isa = PBXFileReference; lastKnownFileType = sourcecode.swift; path = HoverAction.swift; sourceTree = "<group>"; };
		16F0C99F26DE0466007A1B90 /* PlayerModel.swift */ = {isa = PBXFileReference; lastKnownFileType = sourcecode.swift; path = PlayerModel.swift; sourceTree = "<group>"; };
		16F357E926DA74D8001BCEC1 /* capy.app */ = {isa = PBXFileReference; explicitFileType = wrapper.application; includeInIndex = 0; path = capy.app; sourceTree = BUILT_PRODUCTS_DIR; };
		16F357EC26DA74D8001BCEC1 /* capyApp.swift */ = {isa = PBXFileReference; lastKnownFileType = sourcecode.swift; path = capyApp.swift; sourceTree = "<group>"; };
		16F357EE26DA74D8001BCEC1 /* ContentView.swift */ = {isa = PBXFileReference; lastKnownFileType = sourcecode.swift; path = ContentView.swift; sourceTree = "<group>"; };
		16F357F026DA74D9001BCEC1 /* Assets.xcassets */ = {isa = PBXFileReference; lastKnownFileType = folder.assetcatalog; path = Assets.xcassets; sourceTree = "<group>"; };
		16F357FC26DA74FD001BCEC1 /* AVFoundation.framework */ = {isa = PBXFileReference; lastKnownFileType = wrapper.framework; name = AVFoundation.framework; path = System/Library/Frameworks/AVFoundation.framework; sourceTree = SDKROOT; };
		16F3580126DA790D001BCEC1 /* PlayerView.swift */ = {isa = PBXFileReference; lastKnownFileType = sourcecode.swift; path = PlayerView.swift; sourceTree = "<group>"; };
		16F3580326DA84CE001BCEC1 /* capy.entitlements */ = {isa = PBXFileReference; lastKnownFileType = text.plist.entitlements; path = capy.entitlements; sourceTree = "<group>"; };
		16F3580426DA8546001BCEC1 /* Info.plist */ = {isa = PBXFileReference; lastKnownFileType = text.plist; path = Info.plist; sourceTree = "<group>"; };
/* End PBXFileReference section */

/* Begin PBXFrameworksBuildPhase section */
		16F357E626DA74D8001BCEC1 /* Frameworks */ = {
			isa = PBXFrameworksBuildPhase;
			buildActionMask = 2147483647;
			files = (
				16F357FF26DA74FD001BCEC1 /* AVFoundation.framework in Frameworks */,
				16491F4326DFF821006D038F /* IOKit.framework in Frameworks */,
			);
			runOnlyForDeploymentPostprocessing = 0;
		};
/* End PBXFrameworksBuildPhase section */

/* Begin PBXGroup section */
		16F357E026DA74D8001BCEC1 = {
			isa = PBXGroup;
			children = (
				16F357EB26DA74D8001BCEC1 /* capy */,
				16F357EA26DA74D8001BCEC1 /* Products */,
				16F357FA26DA74FD001BCEC1 /* Frameworks */,
			);
			sourceTree = "<group>";
		};
		16F357EA26DA74D8001BCEC1 /* Products */ = {
			isa = PBXGroup;
			children = (
				16F357E926DA74D8001BCEC1 /* capy.app */,
			);
			name = Products;
			sourceTree = "<group>";
		};
		16F357EB26DA74D8001BCEC1 /* capy */ = {
			isa = PBXGroup;
			children = (
				16F3580426DA8546001BCEC1 /* Info.plist */,
				16F3580326DA84CE001BCEC1 /* capy.entitlements */,
				16F357EC26DA74D8001BCEC1 /* capyApp.swift */,
				16F357EE26DA74D8001BCEC1 /* ContentView.swift */,
				16F357F026DA74D9001BCEC1 /* Assets.xcassets */,
				16F3580126DA790D001BCEC1 /* PlayerView.swift */,
				16F0C99F26DE0466007A1B90 /* PlayerModel.swift */,
				1660E38826E01E97005FC8D3 /* Menu.swift */,
				16DC2FD22770E6AB00DC7D52 /* HoverAction.swift */,
			);
			path = capy;
			sourceTree = "<group>";
		};
		16F357FA26DA74FD001BCEC1 /* Frameworks */ = {
			isa = PBXGroup;
			children = (
				16491F4226DFF821006D038F /* IOKit.framework */,
				16F357FC26DA74FD001BCEC1 /* AVFoundation.framework */,
			);
			name = Frameworks;
			sourceTree = "<group>";
		};
/* End PBXGroup section */

/* Begin PBXNativeTarget section */
		16F357E826DA74D8001BCEC1 /* capy */ = {
			isa = PBXNativeTarget;
			buildConfigurationList = 16F357F726DA74D9001BCEC1 /* Build configuration list for PBXNativeTarget "capy" */;
			buildPhases = (
				16F357E526DA74D8001BCEC1 /* Sources */,
				16F357E626DA74D8001BCEC1 /* Frameworks */,
				16F357E726DA74D8001BCEC1 /* Resources */,
			);
			buildRules = (
			);
			dependencies = (
			);
			name = capy;
			packageProductDependencies = (
			);
			productName = capy;
			productReference = 16F357E926DA74D8001BCEC1 /* capy.app */;
			productType = "com.apple.product-type.application";
		};
/* End PBXNativeTarget section */

/* Begin PBXProject section */
		16F357E126DA74D8001BCEC1 /* Project object */ = {
			isa = PBXProject;
			attributes = {
				BuildIndependentTargetsInParallel = 1;
				LastSwiftUpdateCheck = 1300;
				LastUpgradeCheck = 1300;
				TargetAttributes = {
					16F357E826DA74D8001BCEC1 = {
						CreatedOnToolsVersion = 13.0;
					};
				};
			};
			buildConfigurationList = 16F357E426DA74D8001BCEC1 /* Build configuration list for PBXProject "capy" */;
			compatibilityVersion = "Xcode 13.0";
			developmentRegion = en;
			hasScannedForEncodings = 0;
			knownRegions = (
				en,
				Base,
			);
			mainGroup = 16F357E026DA74D8001BCEC1;
			packageReferences = (
				162D0C7C26DADCAE00AB6012 /* XCRemoteSwiftPackageReference "KeyboardShortcuts" */,
				167427E826DD8F37001FD7AB /* XCRemoteSwiftPackageReference "SwiftUIWindowBinder" */,
			);
			productRefGroup = 16F357EA26DA74D8001BCEC1 /* Products */;
			projectDirPath = "";
			projectRoot = "";
			targets = (
				16F357E826DA74D8001BCEC1 /* capy */,
			);
		};
/* End PBXProject section */

/* Begin PBXResourcesBuildPhase section */
		16F357E726DA74D8001BCEC1 /* Resources */ = {
			isa = PBXResourcesBuildPhase;
			buildActionMask = 2147483647;
			files = (
				16F357F126DA74D9001BCEC1 /* Assets.xcassets in Resources */,
			);
			runOnlyForDeploymentPostprocessing = 0;
		};
/* End PBXResourcesBuildPhase section */

/* Begin PBXSourcesBuildPhase section */
		16F357E526DA74D8001BCEC1 /* Sources */ = {
			isa = PBXSourcesBuildPhase;
			buildActionMask = 2147483647;
			files = (
				16DC2FD32770E6AB00DC7D52 /* HoverAction.swift in Sources */,
				16F3580226DA790D001BCEC1 /* PlayerView.swift in Sources */,
				16F357EF26DA74D8001BCEC1 /* ContentView.swift in Sources */,
				16F0C9A026DE0466007A1B90 /* PlayerModel.swift in Sources */,
				16F357ED26DA74D8001BCEC1 /* capyApp.swift in Sources */,
				1660E38926E01E97005FC8D3 /* Menu.swift in Sources */,
			);
			runOnlyForDeploymentPostprocessing = 0;
		};
/* End PBXSourcesBuildPhase section */

/* Begin XCBuildConfiguration section */
		16F357F526DA74D9001BCEC1 /* Debug */ = {
			isa = XCBuildConfiguration;
			buildSettings = {
				ALWAYS_SEARCH_USER_PATHS = NO;
				CLANG_ANALYZER_NONNULL = YES;
				CLANG_ANALYZER_NUMBER_OBJECT_CONVERSION = YES_AGGRESSIVE;
				CLANG_CXX_LANGUAGE_STANDARD = "gnu++17";
				CLANG_CXX_LIBRARY = "libc++";
				CLANG_ENABLE_MODULES = YES;
				CLANG_ENABLE_OBJC_ARC = YES;
				CLANG_ENABLE_OBJC_WEAK = YES;
				CLANG_WARN_BLOCK_CAPTURE_AUTORELEASING = YES;
				CLANG_WARN_BOOL_CONVERSION = YES;
				CLANG_WARN_COMMA = YES;
				CLANG_WARN_CONSTANT_CONVERSION = YES;
				CLANG_WARN_DEPRECATED_OBJC_IMPLEMENTATIONS = YES;
				CLANG_WARN_DIRECT_OBJC_ISA_USAGE = YES_ERROR;
				CLANG_WARN_DOCUMENTATION_COMMENTS = YES;
				CLANG_WARN_EMPTY_BODY = YES;
				CLANG_WARN_ENUM_CONVERSION = YES;
				CLANG_WARN_INFINITE_RECURSION = YES;
				CLANG_WARN_INT_CONVERSION = YES;
				CLANG_WARN_NON_LITERAL_NULL_CONVERSION = YES;
				CLANG_WARN_OBJC_IMPLICIT_RETAIN_SELF = YES;
				CLANG_WARN_OBJC_LITERAL_CONVERSION = YES;
				CLANG_WARN_OBJC_ROOT_CLASS = YES_ERROR;
				CLANG_WARN_QUOTED_INCLUDE_IN_FRAMEWORK_HEADER = YES;
				CLANG_WARN_RANGE_LOOP_ANALYSIS = YES;
				CLANG_WARN_STRICT_PROTOTYPES = YES;
				CLANG_WARN_SUSPICIOUS_MOVE = YES;
				CLANG_WARN_UNGUARDED_AVAILABILITY = YES_AGGRESSIVE;
				CLANG_WARN_UNREACHABLE_CODE = YES;
				CLANG_WARN__DUPLICATE_METHOD_MATCH = YES;
				COPY_PHASE_STRIP = NO;
				DEBUG_INFORMATION_FORMAT = dwarf;
				ENABLE_STRICT_OBJC_MSGSEND = YES;
				ENABLE_TESTABILITY = YES;
				GCC_C_LANGUAGE_STANDARD = gnu11;
				GCC_DYNAMIC_NO_PIC = NO;
				GCC_NO_COMMON_BLOCKS = YES;
				GCC_OPTIMIZATION_LEVEL = 0;
				GCC_PREPROCESSOR_DEFINITIONS = (
					"DEBUG=1",
					"$(inherited)",
				);
				GCC_WARN_64_TO_32_BIT_CONVERSION = YES;
				GCC_WARN_ABOUT_RETURN_TYPE = YES_ERROR;
				GCC_WARN_UNDECLARED_SELECTOR = YES;
				GCC_WARN_UNINITIALIZED_AUTOS = YES_AGGRESSIVE;
				GCC_WARN_UNUSED_FUNCTION = YES;
				GCC_WARN_UNUSED_VARIABLE = YES;
				MACOSX_DEPLOYMENT_TARGET = 12.0;
				MTL_ENABLE_DEBUG_INFO = INCLUDE_SOURCE;
				MTL_FAST_MATH = YES;
				ONLY_ACTIVE_ARCH = YES;
				SDKROOT = macosx;
				SWIFT_ACTIVE_COMPILATION_CONDITIONS = DEBUG;
				SWIFT_OPTIMIZATION_LEVEL = "-Onone";
			};
			name = Debug;
		};
		16F357F626DA74D9001BCEC1 /* Release */ = {
			isa = XCBuildConfiguration;
			buildSettings = {
				ALWAYS_SEARCH_USER_PATHS = NO;
				CLANG_ANALYZER_NONNULL = YES;
				CLANG_ANALYZER_NUMBER_OBJECT_CONVERSION = YES_AGGRESSIVE;
				CLANG_CXX_LANGUAGE_STANDARD = "gnu++17";
				CLANG_CXX_LIBRARY = "libc++";
				CLANG_ENABLE_MODULES = YES;
				CLANG_ENABLE_OBJC_ARC = YES;
				CLANG_ENABLE_OBJC_WEAK = YES;
				CLANG_WARN_BLOCK_CAPTURE_AUTORELEASING = YES;
				CLANG_WARN_BOOL_CONVERSION = YES;
				CLANG_WARN_COMMA = YES;
				CLANG_WARN_CONSTANT_CONVERSION = YES;
				CLANG_WARN_DEPRECATED_OBJC_IMPLEMENTATIONS = YES;
				CLANG_WARN_DIRECT_OBJC_ISA_USAGE = YES_ERROR;
				CLANG_WARN_DOCUMENTATION_COMMENTS = YES;
				CLANG_WARN_EMPTY_BODY = YES;
				CLANG_WARN_ENUM_CONVERSION = YES;
				CLANG_WARN_INFINITE_RECURSION = YES;
				CLANG_WARN_INT_CONVERSION = YES;
				CLANG_WARN_NON_LITERAL_NULL_CONVERSION = YES;
				CLANG_WARN_OBJC_IMPLICIT_RETAIN_SELF = YES;
				CLANG_WARN_OBJC_LITERAL_CONVERSION = YES;
				CLANG_WARN_OBJC_ROOT_CLASS = YES_ERROR;
				CLANG_WARN_QUOTED_INCLUDE_IN_FRAMEWORK_HEADER = YES;
				CLANG_WARN_RANGE_LOOP_ANALYSIS = YES;
				CLANG_WARN_STRICT_PROTOTYPES = YES;
				CLANG_WARN_SUSPICIOUS_MOVE = YES;
				CLANG_WARN_UNGUARDED_AVAILABILITY = YES_AGGRESSIVE;
				CLANG_WARN_UNREACHABLE_CODE = YES;
				CLANG_WARN__DUPLICATE_METHOD_MATCH = YES;
				COPY_PHASE_STRIP = NO;
				DEBUG_INFORMATION_FORMAT = "dwarf-with-dsym";
				ENABLE_NS_ASSERTIONS = NO;
				ENABLE_STRICT_OBJC_MSGSEND = YES;
				GCC_C_LANGUAGE_STANDARD = gnu11;
				GCC_NO_COMMON_BLOCKS = YES;
				GCC_WARN_64_TO_32_BIT_CONVERSION = YES;
				GCC_WARN_ABOUT_RETURN_TYPE = YES_ERROR;
				GCC_WARN_UNDECLARED_SELECTOR = YES;
				GCC_WARN_UNINITIALIZED_AUTOS = YES_AGGRESSIVE;
				GCC_WARN_UNUSED_FUNCTION = YES;
				GCC_WARN_UNUSED_VARIABLE = YES;
				MACOSX_DEPLOYMENT_TARGET = 12.0;
				MTL_ENABLE_DEBUG_INFO = NO;
				MTL_FAST_MATH = YES;
				SDKROOT = macosx;
				SWIFT_COMPILATION_MODE = wholemodule;
				SWIFT_OPTIMIZATION_LEVEL = "-O";
			};
			name = Release;
		};
		16F357F826DA74D9001BCEC1 /* Debug */ = {
			isa = XCBuildConfiguration;
			buildSettings = {
				ASSETCATALOG_COMPILER_APPICON_NAME = AppIcon;
				ASSETCATALOG_COMPILER_GLOBAL_ACCENT_COLOR_NAME = AccentColor;
				ASSETCATALOG_COMPILER_INCLUDE_ALL_APPICON_ASSETS = YES;
				CODE_SIGN_ENTITLEMENTS = capy/capy.entitlements;
				CODE_SIGN_IDENTITY = "Apple Development";
				CODE_SIGN_STYLE = Automatic;
				COMBINE_HIDPI_IMAGES = YES;
				CURRENT_PROJECT_VERSION = 10;
				DEVELOPMENT_ASSET_PATHS = "";
				DEVELOPMENT_TEAM = SPBF9BNRG3;
				ENABLE_APP_SANDBOX = YES;
				ENABLE_HARDENED_RUNTIME = YES;
				ENABLE_PREVIEWS = YES;
				ENABLE_USER_SELECTED_FILES = readonly;
				GENERATE_INFOPLIST_FILE = YES;
				INFOPLIST_FILE = capy/Info.plist;
				INFOPLIST_KEY_LSApplicationCategoryType = "public.app-category.video";
				INFOPLIST_KEY_NSCameraUsageDescription = "Need access to video inputs";
				INFOPLIST_KEY_NSHumanReadableCopyright = "";
				INFOPLIST_KEY_NSMicrophoneUsageDescription = "Need access to audio inputs";
				LD_RUNPATH_SEARCH_PATHS = (
					"$(inherited)",
					"@executable_path/../Frameworks",
				);
				MACOSX_DEPLOYMENT_TARGET = 12.0;
				MARKETING_VERSION = 1.0;
				PRODUCT_BUNDLE_IDENTIFIER = net.cacko.capy;
				PRODUCT_NAME = "$(TARGET_NAME)";
				SWIFT_EMIT_LOC_STRINGS = YES;
				SWIFT_VERSION = 5.0;
			};
			name = Debug;
		};
		16F357F926DA74D9001BCEC1 /* Release */ = {
			isa = XCBuildConfiguration;
			buildSettings = {
				ASSETCATALOG_COMPILER_APPICON_NAME = AppIcon;
				ASSETCATALOG_COMPILER_GLOBAL_ACCENT_COLOR_NAME = AccentColor;
				ASSETCATALOG_COMPILER_INCLUDE_ALL_APPICON_ASSETS = YES;
				CODE_SIGN_ENTITLEMENTS = capy/capy.entitlements;
				CODE_SIGN_IDENTITY = "Apple Development";
				CODE_SIGN_STYLE = Automatic;
				COMBINE_HIDPI_IMAGES = YES;
				CURRENT_PROJECT_VERSION = 10;
				DEVELOPMENT_ASSET_PATHS = "";
				DEVELOPMENT_TEAM = SPBF9BNRG3;
				ENABLE_APP_SANDBOX = YES;
				ENABLE_HARDENED_RUNTIME = YES;
				ENABLE_PREVIEWS = YES;
				ENABLE_USER_SELECTED_FILES = readonly;
				GENERATE_INFOPLIST_FILE = YES;
				INFOPLIST_FILE = capy/Info.plist;
				INFOPLIST_KEY_LSApplicationCategoryType = "public.app-category.video";
				INFOPLIST_KEY_NSCameraUsageDescription = "Need access to video inputs";
				INFOPLIST_KEY_NSHumanReadableCopyright = "";
				INFOPLIST_KEY_NSMicrophoneUsageDescription = "Need access to audio inputs";
				LD_RUNPATH_SEARCH_PATHS = (
					"$(inherited)",
					"@executable_path/../Frameworks",
				);
				MACOSX_DEPLOYMENT_TARGET = 12.0;
				MARKETING_VERSION = 1.0;
				PRODUCT_BUNDLE_IDENTIFIER = net.cacko.capy;
				PRODUCT_NAME = "$(TARGET_NAME)";
				SWIFT_EMIT_LOC_STRINGS = YES;
				SWIFT_VERSION = 5.0;
			};
			name = Release;
		};
/* End XCBuildConfiguration section */

/* Begin XCConfigurationList section */
		16F357E426DA74D8001BCEC1 /* Build configuration list for PBXProject "capy" */ = {
			isa = XCConfigurationList;
			buildConfigurations = (
				16F357F526DA74D9001BCEC1 /* Debug */,
				16F357F626DA74D9001BCEC1 /* Release */,
			);
			defaultConfigurationIsVisible = 0;
			defaultConfigurationName = Release;
		};
		16F357F726DA74D9001BCEC1 /* Build configuration list for PBXNativeTarget "capy" */ = {
			isa = XCConfigurationList;
			buildConfigurations = (
				16F357F826DA74D9001BCEC1 /* Debug */,
				16F357F926DA74D9001BCEC1 /* Release */,
			);
			defaultConfigurationIsVisible = 0;
			defaultConfigurationName = Release;
		};
/* End XCConfigurationList section */

/* Begin XCRemoteSwiftPackageReference section */
		162D0C7C26DADCAE00AB6012 /* XCRemoteSwiftPackageReference "KeyboardShortcuts" */ = {
			isa = XCRemoteSwiftPackageReference;
			repositoryURL = "https://github.com/sindresorhus/KeyboardShortcuts";
			requirement = {
				kind = upToNextMajorVersion;
				minimumVersion = 1.0.0;
			};
		};
		167427E826DD8F37001FD7AB /* XCRemoteSwiftPackageReference "SwiftUIWindowBinder" */ = {
			isa = XCRemoteSwiftPackageReference;
			repositoryURL = "git@github.com:happycodelucky/SwiftUIWindowBinder.git";
			requirement = {
				kind = upToNextMajorVersion;
				minimumVersion = 1.0.0;
			};
		};
/* End XCRemoteSwiftPackageReference section */
	};
	rootObject = 16F357E126DA74D8001BCEC1 /* Project object */;
}
